dependencies:
- name: common
  repository: http://localhost:6464
  version: 13.2.0
- name: repositoryGenerator
  repository: http://localhost:6464
  version: 13.0.0
- name: readinessCheck
  repository: http://localhost:6464
  version: 13.1.0
- name: serviceAccount
  repository: http://localhost:6464
  version: 13.0.1
- name: dcaegen2-services-common
  repository: http://localhost:6464
  version: 13.0.0
digest: sha256:5c67a87ccefb173bdf522cdb0b7c107cfbbb6c4748bca0ecd54e43705d0c3ef3
generated: "2024-07-02T14:10:56.662488074Z"
