dependencies:
- name: common
  repository: http://localhost:6464
  version: 13.2.0
- name: readinessCheck
  repository: http://localhost:6464
  version: 13.1.0
- name: mariadb-galera
  repository: http://localhost:6464
  version: 13.2.0
- name: repositoryGenerator
  repository: http://localhost:6464
  version: 13.0.0
- name: soHelpers
  repository: file://components/soHelpers
  version: 13.0.0
- name: so-admin-cockpit
  repository: file://components/so-admin-cockpit
  version: 13.0.0
- name: so-bpmn-infra
  repository: file://components/so-bpmn-infra
  version: 13.1.0
- name: so-catalog-db-adapter
  repository: file://components/so-catalog-db-adapter
  version: 13.0.0
- name: so-cnf-adapter
  repository: file://components/so-cnf-adapter
  version: 13.0.0
- name: so-cnfm-lcm
  repository: file://components/so-cnfm-lcm
  version: 13.0.0
- name: so-etsi-nfvo-ns-lcm
  repository: file://components/so-etsi-nfvo-ns-lcm
  version: 13.0.0
- name: so-etsi-sol003-adapter
  repository: file://components/so-etsi-sol003-adapter
  version: 13.0.0
- name: so-mariadb
  repository: file://components/so-mariadb
  version: 13.0.0
- name: so-nssmf-adapter
  repository: file://components/so-nssmf-adapter
  version: 13.0.0
- name: so-oof-adapter
  repository: file://components/so-oof-adapter
  version: 13.0.0
- name: so-openstack-adapter
  repository: file://components/so-openstack-adapter
  version: 13.0.0
- name: so-request-db-adapter
  repository: file://components/so-request-db-adapter
  version: 13.0.0
- name: so-sdc-controller
  repository: file://components/so-sdc-controller
  version: 13.0.0
- name: so-sdnc-adapter
  repository: file://components/so-sdnc-adapter
  version: 13.0.0
- name: so-ve-vnfm-adapter
  repository: file://components/so-ve-vnfm-adapter
  version: 13.0.0
- name: so-etsi-sol005-adapter
  repository: file://components/so-etsi-sol005-adapter
  version: 13.0.0
- name: serviceAccount
  repository: http://localhost:6464
  version: 13.0.1
digest: sha256:508f354157a6236cdf65bfb152add50d954b2df888aed616771f880795525fac
generated: "2024-07-02T14:17:28.043441362Z"
