dependencies:
- name: common
  repository: http://localhost:6464
  version: 13.2.0
- name: readinessCheck
  repository: http://localhost:6464
  version: 13.1.0
- name: repositoryGenerator
  repository: http://localhost:6464
  version: 13.0.0
- name: certManagerCertificate
  repository: http://localhost:6464
  version: 13.0.0
- name: dcaegen2-services-common
  repository: http://localhost:6464
  version: 13.0.0
- name: serviceAccount
  repository: http://localhost:6464
  version: 13.0.1
digest: sha256:a459eb7feca734f24d790ab5244d78a1467b9a5dc3d6ea04e39063eeec29e771
generated: "2024-07-02T14:09:15.463367051Z"
