dependencies:
- name: common
  repository: http://localhost:6464
  version: 13.2.0
- name: readinessCheck
  repository: http://localhost:6464
  version: 13.1.0
- name: repositoryGenerator
  repository: http://localhost:6464
  version: 13.0.0
- name: serviceAccount
  repository: http://localhost:6464
  version: 13.0.1
digest: sha256:82bec5bccf2e44c48d49482f784e7db8bf4a0a8e18f44e5785cc3eaa33cb3104
generated: "2024-07-02T14:09:13.722425604Z"
