dependencies:
- name: common
  repository: http://localhost:6464
  version: 13.2.0
- name: repositoryGenerator
  repository: http://localhost:6464
  version: 13.0.0
- name: mariadb-init
  repository: http://localhost:6464
  version: 13.0.0
- name: serviceAccount
  repository: http://localhost:6464
  version: 13.0.1
digest: sha256:e4440858cb2a1397daa93637ceee6424683d17d69ec51f061781804569fdb37f
generated: "2024-07-02T14:14:33.861906825Z"
