dependencies:
- name: common
  repository: http://localhost:6464
  version: 13.2.0
- name: mongodb
  repository: http://localhost:6464
  version: 14.12.3
- name: etcd
  repository: http://localhost:6464
  version: 13.0.0
- name: repositoryGenerator
  repository: http://localhost:6464
  version: 13.0.0
- name: serviceAccount
  repository: http://localhost:6464
  version: 13.0.1
digest: sha256:4657991af0d20d2dc7db4102e3e3846359f014ab42b9a990b17a80d22b889711
generated: "2024-07-02T14:11:39.831217258Z"
