dependencies:
- name: common
  repository: http://localhost:6464
  version: 13.2.0
- name: certManagerCertificate
  repository: http://localhost:6464
  version: 13.0.0
- name: logConfiguration
  repository: http://localhost:6464
  version: 13.0.0
- name: network-name-gen
  repository: http://localhost:6464
  version: 13.0.0
- name: dgbuilder
  repository: http://localhost:6464
  version: 14.0.0
- name: sdnc-prom
  repository: http://localhost:6464
  version: 13.0.0
- name: mariadb-galera
  repository: http://localhost:6464
  version: 13.2.0
- name: elasticsearch
  repository: http://localhost:6464
  version: 13.0.0
- name: dmaap-listener
  repository: http://localhost:6464
  version: 14.0.0
- name: ueb-listener
  repository: http://localhost:6464
  version: 14.0.0
- name: sdnc-ansible-server
  repository: http://localhost:6464
  version: 14.0.0
- name: sdnc-web
  repository: http://localhost:6464
  version: 14.0.0
- name: repositoryGenerator
  repository: http://localhost:6464
  version: 13.0.0
- name: serviceAccount
  repository: http://localhost:6464
  version: 13.0.1
- name: readinessCheck
  repository: http://localhost:6464
  version: 13.1.0
digest: sha256:4202f103ac8987aa3cc908e1ea6dc169854f4cb3a08afce2eb216475c24b9ff2
generated: "2024-07-02T14:15:00.613109538Z"
