dependencies:
- name: common
  repository: http://localhost:6464
  version: 13.2.0
- name: repositoryGenerator
  repository: http://localhost:6464
  version: 13.0.0
- name: timescaledb
  repository: http://localhost:6464
  version: 13.0.0
- name: readinessCheck
  repository: http://localhost:6464
  version: 13.1.0
- name: serviceAccount
  repository: http://localhost:6464
  version: 13.0.1
digest: sha256:954336af4de39abd60c64b774770809cd25c81026ffff41f084fa385f9307e25
generated: "2024-07-02T14:09:06.18902599Z"
