dependencies:
- name: common
  repository: http://localhost:6464
  version: 13.2.0
- name: repositoryGenerator
  repository: http://localhost:6464
  version: 13.0.0
- name: readinessCheck
  repository: http://localhost:6464
  version: 13.1.0
- name: serviceAccount
  repository: http://localhost:6464
  version: 13.0.1
digest: sha256:d52be5a9a3fd20dc0b09c5ebd8bc99b80d2666c27920599bfd9c9b32cc477e1e
generated: "2024-07-02T14:10:31.152303097Z"
