dependencies:
- name: common
  repository: http://localhost:6464
  version: 13.2.0
- name: dcae-datafile-collector
  repository: http://localhost:6464
  version: 13.0.0
- name: dcae-datalake-admin-ui
  repository: http://localhost:6464
  version: 13.0.0
- name: dcae-datalake-des
  repository: http://localhost:6464
  version: 13.0.0
- name: dcae-datalake-feeder
  repository: http://localhost:6464
  version: 13.0.0
- name: dcae-heartbeat
  repository: http://localhost:6464
  version: 13.0.0
- name: dcae-hv-ves-collector
  repository: http://localhost:6464
  version: 13.0.0
- name: dcae-kpi-ms
  repository: http://localhost:6464
  version: 13.0.0
- name: dcae-ms-healthcheck
  repository: http://localhost:6464
  version: 13.0.0
- name: dcae-pm-mapper
  repository: http://localhost:6464
  version: 13.0.0
- name: dcae-pmsh
  repository: http://localhost:6464
  version: 13.0.0
- name: dcae-prh
  repository: http://localhost:6464
  version: 13.1.0
- name: dcae-restconf-collector
  repository: http://localhost:6464
  version: 13.0.0
- name: dcae-slice-analysis-ms
  repository: http://localhost:6464
  version: 13.0.0
- name: dcae-snmptrap-collector
  repository: http://localhost:6464
  version: 13.0.1
- name: dcae-son-handler
  repository: http://localhost:6464
  version: 13.0.0
- name: dcae-tcagen2
  repository: http://localhost:6464
  version: 13.1.0
- name: dcae-ves-collector
  repository: http://localhost:6464
  version: 13.1.0
- name: dcae-ves-mapper
  repository: http://localhost:6464
  version: 13.0.0
- name: dcae-ves-openapi-manager
  repository: file://components/dcae-ves-openapi-manager
  version: 13.0.0
digest: sha256:212e757f7afd1988e954a18160b1d2e1bad35c1dc5b2b8425934d84ec6879d86
generated: "2024-07-02T14:11:09.558573029Z"
